
Microsoft Visual Studio Solution File, Format Version 12.00
Project("{FAE04EC0-301F-11D3-BF4B-00C04F79EFBC}") = "PW-Lab4", "PW-Lab4.csproj", "{D90ACA37-F7D5-41F2-BA6F-F2733EFD0E09}"
EndProject
Global
	GlobalSection(SolutionConfigurationPlatforms) = preSolution
		Debug|Any CPU = Debug|Any CPU
		Release|Any CPU = Release|Any CPU
	EndGlobalSection
	GlobalSection(ProjectConfigurationPlatforms) = postSolution
		{D90ACA37-F7D5-41F2-BA6F-F2733EFD0E09}.Debug|Any CPU.ActiveCfg = Debug|Any CPU
		{D90ACA37-F7D5-41F2-BA6F-F2733EFD0E09}.Debug|Any CPU.Build.0 = Debug|Any CPU
		{D90ACA37-F7D5-41F2-BA6F-F2733EFD0E09}.Release|Any CPU.ActiveCfg = Release|Any CPU
		{D90ACA37-F7D5-41F2-BA6F-F2733EFD0E09}.Release|Any CPU.Build.0 = Release|Any CPU
	EndGlobalSection
EndGlobal
